
Microsoft Visual Studio Solution File, Format Version 12.00
# Visual Studio 15
VisualStudioVersion = 15.0.28307.645
MinimumVisualStudioVersion = 10.0.40219.1
Project("{FAE04EC0-301F-11D3-BF4B-00C04F79EFBC}") = "Vending", "Vending\Vending.csproj", "{837B66B0-3A81-4E28-9B71-FA7B970CDF4B}"
EndProject
Project("{FAE04EC0-301F-11D3-BF4B-00C04F79EFBC}") = "Vending.Tests.Unit", "Vending.Tests.Unit\Vending.Tests.Unit.csproj", "{C57C3E76-9972-4214-8F7B-C05DF275D251}"
EndProject
Project("{FAE04EC0-301F-11D3-BF4B-00C04F79EFBC}") = "Vending.Tests.Integration", "Vending.Tests.Integration\Vending.Tests.Integration.csproj", "{4CA24FB1-13A2-428A-9030-B54E46A20B4F}"
EndProject
Global
	GlobalSection(SolutionConfigurationPlatforms) = preSolution
		Debug|Any CPU = Debug|Any CPU
		Release|Any CPU = Release|Any CPU
	EndGlobalSection
	GlobalSection(ProjectConfigurationPlatforms) = postSolution
		{837B66B0-3A81-4E28-9B71-FA7B970CDF4B}.Debug|Any CPU.ActiveCfg = Debug|Any CPU
		{837B66B0-3A81-4E28-9B71-FA7B970CDF4B}.Debug|Any CPU.Build.0 = Debug|Any CPU
		{837B66B0-3A81-4E28-9B71-FA7B970CDF4B}.Release|Any CPU.ActiveCfg = Release|Any CPU
		{837B66B0-3A81-4E28-9B71-FA7B970CDF4B}.Release|Any CPU.Build.0 = Release|Any CPU
		{C57C3E76-9972-4214-8F7B-C05DF275D251}.Debug|Any CPU.ActiveCfg = Debug|Any CPU
		{C57C3E76-9972-4214-8F7B-C05DF275D251}.Debug|Any CPU.Build.0 = Debug|Any CPU
		{C57C3E76-9972-4214-8F7B-C05DF275D251}.Release|Any CPU.ActiveCfg = Release|Any CPU
		{C57C3E76-9972-4214-8F7B-C05DF275D251}.Release|Any CPU.Build.0 = Release|Any CPU
		{4CA24FB1-13A2-428A-9030-B54E46A20B4F}.Debug|Any CPU.ActiveCfg = Debug|Any CPU
		{4CA24FB1-13A2-428A-9030-B54E46A20B4F}.Debug|Any CPU.Build.0 = Debug|Any CPU
		{4CA24FB1-13A2-428A-9030-B54E46A20B4F}.Release|Any CPU.ActiveCfg = Release|Any CPU
		{4CA24FB1-13A2-428A-9030-B54E46A20B4F}.Release|Any CPU.Build.0 = Release|Any CPU
	EndGlobalSection
	GlobalSection(SolutionProperties) = preSolution
		HideSolutionNode = FALSE
	EndGlobalSection
	GlobalSection(ExtensibilityGlobals) = postSolution
		SolutionGuid = {8AD7F55B-E085-431A-871A-B7E039DA2438}
	EndGlobalSection
EndGlobal
